
Microsoft Visual Studio Solution File, Format Version 12.00
# Visual Studio Version 17
VisualStudioVersion = 17.10.35004.147
MinimumVisualStudioVersion = 10.0.40219.1
Project("{9A19103F-16F7-4668-BE54-9A1E7A4F7556}") = "SampleAPIMauiBlazorClient", "SampleAPIMauiBlazorClient\SampleAPIMauiBlazorClient.csproj", "{8E1FCA36-F390-4BE8-B8B8-C0374F2A397D}"
EndProject
Global
	GlobalSection(SolutionConfigurationPlatforms) = preSolution
		Debug|Any CPU = Debug|Any CPU
		Release|Any CPU = Release|Any CPU
	EndGlobalSection
	GlobalSection(ProjectConfigurationPlatforms) = postSolution
		{8E1FCA36-F390-4BE8-B8B8-C0374F2A397D}.Debug|Any CPU.ActiveCfg = Debug|Any CPU
		{8E1FCA36-F390-4BE8-B8B8-C0374F2A397D}.Debug|Any CPU.Build.0 = Debug|Any CPU
		{8E1FCA36-F390-4BE8-B8B8-C0374F2A397D}.Debug|Any CPU.Deploy.0 = Debug|Any CPU
		{8E1FCA36-F390-4BE8-B8B8-C0374F2A397D}.Release|Any CPU.ActiveCfg = Release|Any CPU
		{8E1FCA36-F390-4BE8-B8B8-C0374F2A397D}.Release|Any CPU.Build.0 = Release|Any CPU
		{8E1FCA36-F390-4BE8-B8B8-C0374F2A397D}.Release|Any CPU.Deploy.0 = Release|Any CPU
	EndGlobalSection
	GlobalSection(SolutionProperties) = preSolution
		HideSolutionNode = FALSE
	EndGlobalSection
	GlobalSection(ExtensibilityGlobals) = postSolution
		SolutionGuid = {6546550A-4614-40FE-BC98-E4292402E8C3}
	EndGlobalSection
EndGlobal
